
Microsoft Visual Studio Solution File, Format Version 12.00
# Visual Studio Version 17
VisualStudioVersion = 17.7.34031.279
MinimumVisualStudioVersion = 10.0.40219.1
Project("{8BC9CEB8-8B4A-11D0-8D11-00A0C91BC942}") = "дз номер 5", "дз номер 5\дз номер 5.vcxproj", "{E2112490-28DF-44CF-B9B6-269DD4E7AF78}"
EndProject
Project("{2150E333-8FDC-42A3-9474-1A3956D46DE8}") = "Элементы решения", "Элементы решения", "{AF1D6795-95ED-4572-AF0C-3AD7511DECA0}"
	ProjectSection(SolutionItems) = preProject
		.gitignore = .gitignore
	EndProjectSection
EndProject
Global
	GlobalSection(SolutionConfigurationPlatforms) = preSolution
		Debug|x64 = Debug|x64
		Debug|x86 = Debug|x86
		Release|x64 = Release|x64
		Release|x86 = Release|x86
	EndGlobalSection
	GlobalSection(ProjectConfigurationPlatforms) = postSolution
		{E2112490-28DF-44CF-B9B6-269DD4E7AF78}.Debug|x64.ActiveCfg = Debug|x64
		{E2112490-28DF-44CF-B9B6-269DD4E7AF78}.Debug|x64.Build.0 = Debug|x64
		{E2112490-28DF-44CF-B9B6-269DD4E7AF78}.Debug|x86.ActiveCfg = Debug|Win32
		{E2112490-28DF-44CF-B9B6-269DD4E7AF78}.Debug|x86.Build.0 = Debug|Win32
		{E2112490-28DF-44CF-B9B6-269DD4E7AF78}.Release|x64.ActiveCfg = Release|x64
		{E2112490-28DF-44CF-B9B6-269DD4E7AF78}.Release|x64.Build.0 = Release|x64
		{E2112490-28DF-44CF-B9B6-269DD4E7AF78}.Release|x86.ActiveCfg = Release|Win32
		{E2112490-28DF-44CF-B9B6-269DD4E7AF78}.Release|x86.Build.0 = Release|Win32
	EndGlobalSection
	GlobalSection(SolutionProperties) = preSolution
		HideSolutionNode = FALSE
	EndGlobalSection
	GlobalSection(ExtensibilityGlobals) = postSolution
		SolutionGuid = {ACAECFFB-A0D4-4357-A67C-4F8772AB919D}
	EndGlobalSection
EndGlobal
